
Microsoft Visual Studio Solution File, Format Version 12.00
# Visual Studio Version 17
VisualStudioVersion = 17.9.34616.47
MinimumVisualStudioVersion = 10.0.40219.1
Project("{9A19103F-16F7-4668-BE54-9A1E7A4F7556}") = "06-MVC-RazorViewEngine", "06-MVC-RazorViewEngine\06-MVC-RazorViewEngine.csproj", "{BEE1E57B-D7FB-4B01-B4EB-C4E3A77C4B18}"
EndProject
Project("{9A19103F-16F7-4668-BE54-9A1E7A4F7556}") = "07-Core-TagHelpers", "07-Core-TagHelpers\07-Core-TagHelpers.csproj", "{7AFF9663-BF10-4DC9-8A05-259016E9F4E9}"
EndProject
Project("{9A19103F-16F7-4668-BE54-9A1E7A4F7556}") = "08-Core-PassingDataToView", "08-Core-PassingDataToView\08-Core-PassingDataToView.csproj", "{02579DDE-9ADC-4CB0-A327-D48446C39898}"
EndProject
Project("{9A19103F-16F7-4668-BE54-9A1E7A4F7556}") = "09-MVC-PartialViews", "09-MVC-PartialViews\09-MVC-PartialViews.csproj", "{170FB44A-A84F-4CDE-BB86-D1FAD4075F2C}"
EndProject
Project("{9A19103F-16F7-4668-BE54-9A1E7A4F7556}") = "10-MVC-Model", "..\10-MVC-Model\10-MVC-Model.csproj", "{83CB913E-1BAB-4B26-8725-BC94748E1F1A}"
EndProject
Project("{9A19103F-16F7-4668-BE54-9A1E7A4F7556}") = "11_MVC_FulboolOrnek", "11_MVC_FulboolOrnek\11_MVC_FulboolOrnek.csproj", "{FFBEF47F-CC90-4CB8-A69D-5AC397F97835}"
EndProject
Project("{9A19103F-16F7-4668-BE54-9A1E7A4F7556}") = "21_MVC_API", "21_MVC_API\21_MVC_API.csproj", "{9D158B0C-34DF-4A2F-AAA3-D2433A9501E9}"
EndProject
Project("{9A19103F-16F7-4668-BE54-9A1E7A4F7556}") = "13-MVC_ActıonReturnType", "13-MVC_ActıonReturnType\13-MVC_ActıonReturnType.csproj", "{91432686-2159-4C00-9029-DFD2044F40C5}"
EndProject
Project("{9A19103F-16F7-4668-BE54-9A1E7A4F7556}") = "14-MVC_Areas", "14-MVC_Areas\14-MVC_Areas.csproj", "{8B9476CE-5F3F-4C35-8530-71D610BEC786}"
EndProject
Project("{9A19103F-16F7-4668-BE54-9A1E7A4F7556}") = "15-MVC_JqueryAjax", "15-MVC_JqueryAjax\15-MVC_JqueryAjax.csproj", "{698BBF0A-2245-4105-B2E1-BD8134E983CF}"
EndProject
Project("{9A19103F-16F7-4668-BE54-9A1E7A4F7556}") = "16-MVC_Validation", "16-MVC_Validation\16-MVC_Validation.csproj", "{B69F459D-7D35-498F-A607-6E25CF3F1175}"
EndProject
Project("{9A19103F-16F7-4668-BE54-9A1E7A4F7556}") = "17-MVC_StatedManagement_Session", "17-MVC_StatedManagement_Session\17-MVC_StatedManagement_Session.csproj", "{D7145AE6-F03B-4B6F-8B69-487B60F49D49}"
EndProject
Project("{9A19103F-16F7-4668-BE54-9A1E7A4F7556}") = "18-MVC_UsegRepository", "18-MVC_UsegRepository\18-MVC_UsegRepository.csproj", "{3EC807D2-7DB8-4485-854B-C9FB13BBBD84}"
EndProject
Project("{9A19103F-16F7-4668-BE54-9A1E7A4F7556}") = "19-MVC_RepositorySchool", "19-MVC_RepositorySchool\19-MVC_RepositorySchool.csproj", "{8E464853-2C76-4FE3-A767-29E95ADC63A9}"
EndProject
Project("{9A19103F-16F7-4668-BE54-9A1E7A4F7556}") = "20-Identity", "20-Identity\20-Identity.csproj", "{9B26F338-33F9-430B-82C3-9A84D153FED1}"
EndProject
Project("{FAE04EC0-301F-11D3-BF4B-00C04F79EFBC}") = "01-MVCWebApp", "01-MVCWebApp\01-MVCWebApp.csproj", "{6390E581-27C2-4434-B8B6-294F38688A4E}"
EndProject
Project("{FAE04EC0-301F-11D3-BF4B-00C04F79EFBC}") = "02-MVCAPP_WebApp", "02-MVCAPP_WebApp\02-MVCAPP_WebApp.csproj", "{A77CEDD8-E9BF-4513-B9D2-C2A44318C3C7}"
EndProject
Project("{FAE04EC0-301F-11D3-BF4B-00C04F79EFBC}") = "03-MVC_WEBAPPMWC", "03-MVC_WEBAPPMWC\03-MVC_WEBAPPMWC.csproj", "{3457FFD2-8144-48BD-B10A-EC9FE04014D8}"
EndProject
Project("{FAE04EC0-301F-11D3-BF4B-00C04F79EFBC}") = "04-MVCAPP_Sample", "04-MVCAPP_Sample\04-MVCAPP_Sample.csproj", "{080DAEE0-EABD-42F0-91F5-EF2DD171AAD7}"
EndProject
Project("{FAE04EC0-301F-11D3-BF4B-00C04F79EFBC}") = "05_MVCCAPP_Northwind", "05_MVCCAPP_Northwind\05_MVCCAPP_Northwind.csproj", "{30C355F0-C828-4AB8-9606-D06ED8572080}"
EndProject
Global
	GlobalSection(SolutionConfigurationPlatforms) = preSolution
		Debug|Any CPU = Debug|Any CPU
		Release|Any CPU = Release|Any CPU
	EndGlobalSection
	GlobalSection(ProjectConfigurationPlatforms) = postSolution
		{BEE1E57B-D7FB-4B01-B4EB-C4E3A77C4B18}.Debug|Any CPU.ActiveCfg = Debug|Any CPU
		{BEE1E57B-D7FB-4B01-B4EB-C4E3A77C4B18}.Debug|Any CPU.Build.0 = Debug|Any CPU
		{BEE1E57B-D7FB-4B01-B4EB-C4E3A77C4B18}.Release|Any CPU.ActiveCfg = Release|Any CPU
		{BEE1E57B-D7FB-4B01-B4EB-C4E3A77C4B18}.Release|Any CPU.Build.0 = Release|Any CPU
		{7AFF9663-BF10-4DC9-8A05-259016E9F4E9}.Debug|Any CPU.ActiveCfg = Debug|Any CPU
		{7AFF9663-BF10-4DC9-8A05-259016E9F4E9}.Debug|Any CPU.Build.0 = Debug|Any CPU
		{7AFF9663-BF10-4DC9-8A05-259016E9F4E9}.Release|Any CPU.ActiveCfg = Release|Any CPU
		{7AFF9663-BF10-4DC9-8A05-259016E9F4E9}.Release|Any CPU.Build.0 = Release|Any CPU
		{02579DDE-9ADC-4CB0-A327-D48446C39898}.Debug|Any CPU.ActiveCfg = Debug|Any CPU
		{02579DDE-9ADC-4CB0-A327-D48446C39898}.Debug|Any CPU.Build.0 = Debug|Any CPU
		{02579DDE-9ADC-4CB0-A327-D48446C39898}.Release|Any CPU.ActiveCfg = Release|Any CPU
		{02579DDE-9ADC-4CB0-A327-D48446C39898}.Release|Any CPU.Build.0 = Release|Any CPU
		{170FB44A-A84F-4CDE-BB86-D1FAD4075F2C}.Debug|Any CPU.ActiveCfg = Debug|Any CPU
		{170FB44A-A84F-4CDE-BB86-D1FAD4075F2C}.Debug|Any CPU.Build.0 = Debug|Any CPU
		{170FB44A-A84F-4CDE-BB86-D1FAD4075F2C}.Release|Any CPU.ActiveCfg = Release|Any CPU
		{170FB44A-A84F-4CDE-BB86-D1FAD4075F2C}.Release|Any CPU.Build.0 = Release|Any CPU
		{83CB913E-1BAB-4B26-8725-BC94748E1F1A}.Debug|Any CPU.ActiveCfg = Debug|Any CPU
		{83CB913E-1BAB-4B26-8725-BC94748E1F1A}.Debug|Any CPU.Build.0 = Debug|Any CPU
		{83CB913E-1BAB-4B26-8725-BC94748E1F1A}.Release|Any CPU.ActiveCfg = Release|Any CPU
		{83CB913E-1BAB-4B26-8725-BC94748E1F1A}.Release|Any CPU.Build.0 = Release|Any CPU
		{FFBEF47F-CC90-4CB8-A69D-5AC397F97835}.Debug|Any CPU.ActiveCfg = Debug|Any CPU
		{FFBEF47F-CC90-4CB8-A69D-5AC397F97835}.Debug|Any CPU.Build.0 = Debug|Any CPU
		{FFBEF47F-CC90-4CB8-A69D-5AC397F97835}.Release|Any CPU.ActiveCfg = Release|Any CPU
		{FFBEF47F-CC90-4CB8-A69D-5AC397F97835}.Release|Any CPU.Build.0 = Release|Any CPU
		{9D158B0C-34DF-4A2F-AAA3-D2433A9501E9}.Debug|Any CPU.ActiveCfg = Debug|Any CPU
		{9D158B0C-34DF-4A2F-AAA3-D2433A9501E9}.Debug|Any CPU.Build.0 = Debug|Any CPU
		{9D158B0C-34DF-4A2F-AAA3-D2433A9501E9}.Release|Any CPU.ActiveCfg = Release|Any CPU
		{9D158B0C-34DF-4A2F-AAA3-D2433A9501E9}.Release|Any CPU.Build.0 = Release|Any CPU
		{91432686-2159-4C00-9029-DFD2044F40C5}.Debug|Any CPU.ActiveCfg = Debug|Any CPU
		{91432686-2159-4C00-9029-DFD2044F40C5}.Debug|Any CPU.Build.0 = Debug|Any CPU
		{91432686-2159-4C00-9029-DFD2044F40C5}.Release|Any CPU.ActiveCfg = Release|Any CPU
		{91432686-2159-4C00-9029-DFD2044F40C5}.Release|Any CPU.Build.0 = Release|Any CPU
		{8B9476CE-5F3F-4C35-8530-71D610BEC786}.Debug|Any CPU.ActiveCfg = Debug|Any CPU
		{8B9476CE-5F3F-4C35-8530-71D610BEC786}.Debug|Any CPU.Build.0 = Debug|Any CPU
		{8B9476CE-5F3F-4C35-8530-71D610BEC786}.Release|Any CPU.ActiveCfg = Release|Any CPU
		{8B9476CE-5F3F-4C35-8530-71D610BEC786}.Release|Any CPU.Build.0 = Release|Any CPU
		{698BBF0A-2245-4105-B2E1-BD8134E983CF}.Debug|Any CPU.ActiveCfg = Debug|Any CPU
		{698BBF0A-2245-4105-B2E1-BD8134E983CF}.Debug|Any CPU.Build.0 = Debug|Any CPU
		{698BBF0A-2245-4105-B2E1-BD8134E983CF}.Release|Any CPU.ActiveCfg = Release|Any CPU
		{698BBF0A-2245-4105-B2E1-BD8134E983CF}.Release|Any CPU.Build.0 = Release|Any CPU
		{B69F459D-7D35-498F-A607-6E25CF3F1175}.Debug|Any CPU.ActiveCfg = Debug|Any CPU
		{B69F459D-7D35-498F-A607-6E25CF3F1175}.Debug|Any CPU.Build.0 = Debug|Any CPU
		{B69F459D-7D35-498F-A607-6E25CF3F1175}.Release|Any CPU.ActiveCfg = Release|Any CPU
		{B69F459D-7D35-498F-A607-6E25CF3F1175}.Release|Any CPU.Build.0 = Release|Any CPU
		{D7145AE6-F03B-4B6F-8B69-487B60F49D49}.Debug|Any CPU.ActiveCfg = Debug|Any CPU
		{D7145AE6-F03B-4B6F-8B69-487B60F49D49}.Debug|Any CPU.Build.0 = Debug|Any CPU
		{D7145AE6-F03B-4B6F-8B69-487B60F49D49}.Release|Any CPU.ActiveCfg = Release|Any CPU
		{D7145AE6-F03B-4B6F-8B69-487B60F49D49}.Release|Any CPU.Build.0 = Release|Any CPU
		{3EC807D2-7DB8-4485-854B-C9FB13BBBD84}.Debug|Any CPU.ActiveCfg = Debug|Any CPU
		{3EC807D2-7DB8-4485-854B-C9FB13BBBD84}.Debug|Any CPU.Build.0 = Debug|Any CPU
		{3EC807D2-7DB8-4485-854B-C9FB13BBBD84}.Release|Any CPU.ActiveCfg = Release|Any CPU
		{3EC807D2-7DB8-4485-854B-C9FB13BBBD84}.Release|Any CPU.Build.0 = Release|Any CPU
		{8E464853-2C76-4FE3-A767-29E95ADC63A9}.Debug|Any CPU.ActiveCfg = Debug|Any CPU
		{8E464853-2C76-4FE3-A767-29E95ADC63A9}.Debug|Any CPU.Build.0 = Debug|Any CPU
		{8E464853-2C76-4FE3-A767-29E95ADC63A9}.Release|Any CPU.ActiveCfg = Release|Any CPU
		{8E464853-2C76-4FE3-A767-29E95ADC63A9}.Release|Any CPU.Build.0 = Release|Any CPU
		{9B26F338-33F9-430B-82C3-9A84D153FED1}.Debug|Any CPU.ActiveCfg = Debug|Any CPU
		{9B26F338-33F9-430B-82C3-9A84D153FED1}.Debug|Any CPU.Build.0 = Debug|Any CPU
		{9B26F338-33F9-430B-82C3-9A84D153FED1}.Release|Any CPU.ActiveCfg = Release|Any CPU
		{9B26F338-33F9-430B-82C3-9A84D153FED1}.Release|Any CPU.Build.0 = Release|Any CPU
		{6390E581-27C2-4434-B8B6-294F38688A4E}.Debug|Any CPU.ActiveCfg = Debug|Any CPU
		{6390E581-27C2-4434-B8B6-294F38688A4E}.Debug|Any CPU.Build.0 = Debug|Any CPU
		{6390E581-27C2-4434-B8B6-294F38688A4E}.Release|Any CPU.ActiveCfg = Release|Any CPU
		{6390E581-27C2-4434-B8B6-294F38688A4E}.Release|Any CPU.Build.0 = Release|Any CPU
		{A77CEDD8-E9BF-4513-B9D2-C2A44318C3C7}.Debug|Any CPU.ActiveCfg = Debug|Any CPU
		{A77CEDD8-E9BF-4513-B9D2-C2A44318C3C7}.Debug|Any CPU.Build.0 = Debug|Any CPU
		{A77CEDD8-E9BF-4513-B9D2-C2A44318C3C7}.Release|Any CPU.ActiveCfg = Release|Any CPU
		{A77CEDD8-E9BF-4513-B9D2-C2A44318C3C7}.Release|Any CPU.Build.0 = Release|Any CPU
		{3457FFD2-8144-48BD-B10A-EC9FE04014D8}.Debug|Any CPU.ActiveCfg = Debug|Any CPU
		{3457FFD2-8144-48BD-B10A-EC9FE04014D8}.Debug|Any CPU.Build.0 = Debug|Any CPU
		{3457FFD2-8144-48BD-B10A-EC9FE04014D8}.Release|Any CPU.ActiveCfg = Release|Any CPU
		{3457FFD2-8144-48BD-B10A-EC9FE04014D8}.Release|Any CPU.Build.0 = Release|Any CPU
		{080DAEE0-EABD-42F0-91F5-EF2DD171AAD7}.Debug|Any CPU.ActiveCfg = Debug|Any CPU
		{080DAEE0-EABD-42F0-91F5-EF2DD171AAD7}.Debug|Any CPU.Build.0 = Debug|Any CPU
		{080DAEE0-EABD-42F0-91F5-EF2DD171AAD7}.Release|Any CPU.ActiveCfg = Release|Any CPU
		{080DAEE0-EABD-42F0-91F5-EF2DD171AAD7}.Release|Any CPU.Build.0 = Release|Any CPU
		{30C355F0-C828-4AB8-9606-D06ED8572080}.Debug|Any CPU.ActiveCfg = Debug|Any CPU
		{30C355F0-C828-4AB8-9606-D06ED8572080}.Debug|Any CPU.Build.0 = Debug|Any CPU
		{30C355F0-C828-4AB8-9606-D06ED8572080}.Release|Any CPU.ActiveCfg = Release|Any CPU
		{30C355F0-C828-4AB8-9606-D06ED8572080}.Release|Any CPU.Build.0 = Release|Any CPU
	EndGlobalSection
	GlobalSection(SolutionProperties) = preSolution
		HideSolutionNode = FALSE
	EndGlobalSection
	GlobalSection(ExtensibilityGlobals) = postSolution
		SolutionGuid = {2F4AE803-5E96-4F5C-AD2F-872DAB72DEBC}
	EndGlobalSection
EndGlobal
